// !$*UTF8*$!
{
	archiveVersion = 1;
	classes = {
	};
	objectVersion = 46;
	objects = {

/* Begin PBXBuildFile section */
		1853C1A41CF5F2900090D610 /* Assets.xcassets in Resources */ = {isa = PBXBuildFile; fileRef = 1853C1A31CF5F2900090D610 /* Assets.xcassets */; };
		1853C1A71CF5F2900090D610 /* LaunchScreen.storyboard in Resources */ = {isa = PBXBuildFile; fileRef = 1853C1A51CF5F2900090D610 /* LaunchScreen.storyboard */; };
		1853C1B21CF5F2900090D610 /* MRTTests.swift in Sources */ = {isa = PBXBuildFile; fileRef = 1853C1B11CF5F2900090D610 /* MRTTests.swift */; };
		1853C1BD1CF5F2900090D610 /* MRTUITests.swift in Sources */ = {isa = PBXBuildFile; fileRef = 1853C1BC1CF5F2900090D610 /* MRTUITests.swift */; };
		1853C1CB1CF5F29C0090D610 /* Podfile in Resources */ = {isa = PBXBuildFile; fileRef = 1853C1CA1CF5F29C0090D610 /* Podfile */; };
		18922BC51CF5F73600959E23 /* LineData.swift in Sources */ = {isa = PBXBuildFile; fileRef = 18922BC41CF5F73600959E23 /* LineData.swift */; };
		18922BC71CF5FDBF00959E23 /* Section.swift in Sources */ = {isa = PBXBuildFile; fileRef = 18922BC61CF5FDBF00959E23 /* Section.swift */; };
		18A101ED1CF5F34E003D92E3 /* SwiftyJSON.framework in Frameworks */ = {isa = PBXBuildFile; fileRef = 18A101EC1CF5F34E003D92E3 /* SwiftyJSON.framework */; };
		18A101EF1CF5F372003D92E3 /* Main.storyboard in Resources */ = {isa = PBXBuildFile; fileRef = 18A101EE1CF5F372003D92E3 /* Main.storyboard */; };
		18A101F11CF5F395003D92E3 /* UITableViewController.swift in Sources */ = {isa = PBXBuildFile; fileRef = 18A101F01CF5F395003D92E3 /* UITableViewController.swift */; };
		18A101F31CF5F3A2003D92E3 /* AppDelegate.swift in Sources */ = {isa = PBXBuildFile; fileRef = 18A101F21CF5F3A2003D92E3 /* AppDelegate.swift */; };
		18A101F51CF5F3A7003D92E3 /* tablecellsetting.swift in Sources */ = {isa = PBXBuildFile; fileRef = 18A101F41CF5F3A7003D92E3 /* tablecellsetting.swift */; };
		18A101F71CF5F3AA003D92E3 /* MRT.json in Resources */ = {isa = PBXBuildFile; fileRef = 18A101F61CF5F3AA003D92E3 /* MRT.json */; };
		80F7D5B221C1337D574A8C6E /* Pods_MRT.framework in Frameworks */ = {isa = PBXBuildFile; fileRef = 9BD03EAB8354D02A5CCEBF19 /* Pods_MRT.framework */; };
/* End PBXBuildFile section */

/* Begin PBXContainerItemProxy section */
		1853C1AE1CF5F2900090D610 /* PBXContainerItemProxy */ = {
			isa = PBXContainerItemProxy;
			containerPortal = 1853C1911CF5F2900090D610 /* Project object */;
			proxyType = 1;
			remoteGlobalIDString = 1853C1981CF5F2900090D610;
			remoteInfo = MRT;
		};
		1853C1B91CF5F2900090D610 /* PBXContainerItemProxy */ = {
			isa = PBXContainerItemProxy;
			containerPortal = 1853C1911CF5F2900090D610 /* Project object */;
			proxyType = 1;
			remoteGlobalIDString = 1853C1981CF5F2900090D610;
			remoteInfo = MRT;
		};
/* End PBXContainerItemProxy section */

/* Begin PBXFileReference section */
		1853C1991CF5F2900090D610 /* MRT.app */ = {isa = PBXFileReference; explicitFileType = wrapper.application; includeInIndex = 0; path = MRT.app; sourceTree = BUILT_PRODUCTS_DIR; };
		1853C1A31CF5F2900090D610 /* Assets.xcassets */ = {isa = PBXFileReference; lastKnownFileType = folder.assetcatalog; path = Assets.xcassets; sourceTree = "<group>"; };
		1853C1A61CF5F2900090D610 /* Base */ = {isa = PBXFileReference; lastKnownFileType = file.storyboard; name = Base; path = Base.lproj/LaunchScreen.storyboard; sourceTree = "<group>"; };
		1853C1A81CF5F2900090D610 /* Info.plist */ = {isa = PBXFileReference; lastKnownFileType = text.plist.xml; path = Info.plist; sourceTree = "<group>"; };
		1853C1AD1CF5F2900090D610 /* MRTTests.xctest */ = {isa = PBXFileReference; explicitFileType = wrapper.cfbundle; includeInIndex = 0; path = MRTTests.xctest; sourceTree = BUILT_PRODUCTS_DIR; };
		1853C1B11CF5F2900090D610 /* MRTTests.swift */ = {isa = PBXFileReference; lastKnownFileType = sourcecode.swift; path = MRTTests.swift; sourceTree = "<group>"; };
		1853C1B31CF5F2900090D610 /* Info.plist */ = {isa = PBXFileReference; lastKnownFileType = text.plist.xml; path = Info.plist; sourceTree = "<group>"; };
		1853C1B81CF5F2900090D610 /* MRTUITests.xctest */ = {isa = PBXFileReference; explicitFileType = wrapper.cfbundle; includeInIndex = 0; path = MRTUITests.xctest; sourceTree = BUILT_PRODUCTS_DIR; };
		1853C1BC1CF5F2900090D610 /* MRTUITests.swift */ = {isa = PBXFileReference; lastKnownFileType = sourcecode.swift; path = MRTUITests.swift; sourceTree = "<group>"; };
		1853C1BE1CF5F2900090D610 /* Info.plist */ = {isa = PBXFileReference; lastKnownFileType = text.plist.xml; path = Info.plist; sourceTree = "<group>"; };
		1853C1CA1CF5F29C0090D610 /* Podfile */ = {isa = PBXFileReference; fileEncoding = 4; lastKnownFileType = text; path = Podfile; sourceTree = "<group>"; };
		18922BC41CF5F73600959E23 /* LineData.swift */ = {isa = PBXFileReference; fileEncoding = 4; lastKnownFileType = sourcecode.swift; path = LineData.swift; sourceTree = "<group>"; };
		18922BC61CF5FDBF00959E23 /* Section.swift */ = {isa = PBXFileReference; fileEncoding = 4; lastKnownFileType = sourcecode.swift; path = Section.swift; sourceTree = "<group>"; };
		18A101EC1CF5F34E003D92E3 /* SwiftyJSON.framework */ = {isa = PBXFileReference; lastKnownFileType = wrapper.framework; name = SwiftyJSON.framework; path = "Pods/../build/Debug-iphoneos/SwiftyJSON/SwiftyJSON.framework"; sourceTree = "<group>"; };
		18A101EE1CF5F372003D92E3 /* Main.storyboard */ = {isa = PBXFileReference; fileEncoding = 4; lastKnownFileType = file.storyboard; path = Main.storyboard; sourceTree = "<group>"; };
		18A101F01CF5F395003D92E3 /* UITableViewController.swift */ = {isa = PBXFileReference; fileEncoding = 4; lastKnownFileType = sourcecode.swift; path = UITableViewController.swift; sourceTree = "<group>"; };
		18A101F21CF5F3A2003D92E3 /* AppDelegate.swift */ = {isa = PBXFileReference; fileEncoding = 4; lastKnownFileType = sourcecode.swift; path = AppDelegate.swift; sourceTree = "<group>"; };
		18A101F41CF5F3A7003D92E3 /* tablecellsetting.swift */ = {isa = PBXFileReference; fileEncoding = 4; lastKnownFileType = sourcecode.swift; path = tablecellsetting.swift; sourceTree = "<group>"; };
		18A101F61CF5F3AA003D92E3 /* MRT.json */ = {isa = PBXFileReference; fileEncoding = 4; lastKnownFileType = text.json; path = MRT.json; sourceTree = "<group>"; };
		86935E1ECE8485963E3CCF7C /* Pods-MRT.release.xcconfig */ = {isa = PBXFileReference; includeInIndex = 1; lastKnownFileType = text.xcconfig; name = "Pods-MRT.release.xcconfig"; path = "Pods/Target Support Files/Pods-MRT/Pods-MRT.release.xcconfig"; sourceTree = "<group>"; };
		9BD03EAB8354D02A5CCEBF19 /* Pods_MRT.framework */ = {isa = PBXFileReference; explicitFileType = wrapper.framework; includeInIndex = 0; path = Pods_MRT.framework; sourceTree = BUILT_PRODUCTS_DIR; };
		ED02BC65F4B43C92395411C2 /* Pods-MRT.debug.xcconfig */ = {isa = PBXFileReference; includeInIndex = 1; lastKnownFileType = text.xcconfig; name = "Pods-MRT.debug.xcconfig"; path = "Pods/Target Support Files/Pods-MRT/Pods-MRT.debug.xcconfig"; sourceTree = "<group>"; };
/* End PBXFileReference section */

/* Begin PBXFrameworksBuildPhase section */
		1853C1961CF5F2900090D610 /* Frameworks */ = {
			isa = PBXFrameworksBuildPhase;
			buildActionMask = 2147483647;
			files = (
				18A101ED1CF5F34E003D92E3 /* SwiftyJSON.framework in Frameworks */,
				80F7D5B221C1337D574A8C6E /* Pods_MRT.framework in Frameworks */,
			);
			runOnlyForDeploymentPostprocessing = 0;
		};
		1853C1AA1CF5F2900090D610 /* Frameworks */ = {
			isa = PBXFrameworksBuildPhase;
			buildActionMask = 2147483647;
			files = (
			);
			runOnlyForDeploymentPostprocessing = 0;
		};
		1853C1B51CF5F2900090D610 /* Frameworks */ = {
			isa = PBXFrameworksBuildPhase;
			buildActionMask = 2147483647;
			files = (
			);
			runOnlyForDeploymentPostprocessing = 0;
		};
/* End PBXFrameworksBuildPhase section */

/* Begin PBXGroup section */
		04C1EB03AA72BA02E93013FE /* Frameworks */ = {
			isa = PBXGroup;
			children = (
				18A101EC1CF5F34E003D92E3 /* SwiftyJSON.framework */,
				9BD03EAB8354D02A5CCEBF19 /* Pods_MRT.framework */,
			);
			name = Frameworks;
			sourceTree = "<group>";
		};
		1853C1901CF5F2900090D610 = {
			isa = PBXGroup;
			children = (
				1853C19B1CF5F2900090D610 /* MRT */,
				1853C1B01CF5F2900090D610 /* MRTTests */,
				1853C1BB1CF5F2900090D610 /* MRTUITests */,
				1853C19A1CF5F2900090D610 /* Products */,
				D4E7F45604D356DD8A21FE2D /* Pods */,
				04C1EB03AA72BA02E93013FE /* Frameworks */,
			);
			sourceTree = "<group>";
		};
		1853C19A1CF5F2900090D610 /* Products */ = {
			isa = PBXGroup;
			children = (
				1853C1991CF5F2900090D610 /* MRT.app */,
				1853C1AD1CF5F2900090D610 /* MRTTests.xctest */,
				1853C1B81CF5F2900090D610 /* MRTUITests.xctest */,
			);
			name = Products;
			sourceTree = "<group>";
		};
		1853C19B1CF5F2900090D610 /* MRT */ = {
			isa = PBXGroup;
			children = (
				18A101F21CF5F3A2003D92E3 /* AppDelegate.swift */,
				18922BC41CF5F73600959E23 /* LineData.swift */,
				18922BC61CF5FDBF00959E23 /* Section.swift */,
				18A101F01CF5F395003D92E3 /* UITableViewController.swift */,
				18A101F41CF5F3A7003D92E3 /* tablecellsetting.swift */,
				18A101EE1CF5F372003D92E3 /* Main.storyboard */,
				1853C1A51CF5F2900090D610 /* LaunchScreen.storyboard */,
				18A101F61CF5F3AA003D92E3 /* MRT.json */,
				1853C1A31CF5F2900090D610 /* Assets.xcassets */,
				1853C1A81CF5F2900090D610 /* Info.plist */,
				1853C1CA1CF5F29C0090D610 /* Podfile */,
			);
			path = MRT;
			sourceTree = "<group>";
		};
		1853C1B01CF5F2900090D610 /* MRTTests */ = {
			isa = PBXGroup;
			children = (
				1853C1B11CF5F2900090D610 /* MRTTests.swift */,
				1853C1B31CF5F2900090D610 /* Info.plist */,
			);
			path = MRTTests;
			sourceTree = "<group>";
		};
		1853C1BB1CF5F2900090D610 /* MRTUITests */ = {
			isa = PBXGroup;
			children = (
				1853C1BC1CF5F2900090D610 /* MRTUITests.swift */,
				1853C1BE1CF5F2900090D610 /* Info.plist */,
			);
			path = MRTUITests;
			sourceTree = "<group>";
		};
		D4E7F45604D356DD8A21FE2D /* Pods */ = {
			isa = PBXGroup;
			children = (
				ED02BC65F4B43C92395411C2 /* Pods-MRT.debug.xcconfig */,
				86935E1ECE8485963E3CCF7C /* Pods-MRT.release.xcconfig */,
			);
			name = Pods;
			sourceTree = "<group>";
		};
/* End PBXGroup section */

/* Begin PBXNativeTarget section */
		1853C1981CF5F2900090D610 /* MRT */ = {
			isa = PBXNativeTarget;
			buildConfigurationList = 1853C1C11CF5F2900090D610 /* Build configuration list for PBXNativeTarget "MRT" */;
			buildPhases = (
				688AC7809A5D5F1A9C12043C /* 📦 Check Pods Manifest.lock */,
				1853C1951CF5F2900090D610 /* Sources */,
				1853C1961CF5F2900090D610 /* Frameworks */,
				1853C1971CF5F2900090D610 /* Resources */,
				45C558F2147A23B1219726D8 /* 📦 Embed Pods Frameworks */,
				4DC1F9C015CB39EC37A18703 /* 📦 Copy Pods Resources */,
			);
			buildRules = (
			);
			dependencies = (
			);
			name = MRT;
			productName = MRT;
			productReference = 1853C1991CF5F2900090D610 /* MRT.app */;
			productType = "com.apple.product-type.application";
		};
		1853C1AC1CF5F2900090D610 /* MRTTests */ = {
			isa = PBXNativeTarget;
			buildConfigurationList = 1853C1C41CF5F2900090D610 /* Build configuration list for PBXNativeTarget "MRTTests" */;
			buildPhases = (
				1853C1A91CF5F2900090D610 /* Sources */,
				1853C1AA1CF5F2900090D610 /* Frameworks */,
				1853C1AB1CF5F2900090D610 /* Resources */,
			);
			buildRules = (
			);
			dependencies = (
				1853C1AF1CF5F2900090D610 /* PBXTargetDependency */,
			);
			name = MRTTests;
			productName = MRTTests;
			productReference = 1853C1AD1CF5F2900090D610 /* MRTTests.xctest */;
			productType = "com.apple.product-type.bundle.unit-test";
		};
		1853C1B71CF5F2900090D610 /* MRTUITests */ = {
			isa = PBXNativeTarget;
			buildConfigurationList = 1853C1C71CF5F2900090D610 /* Build configuration list for PBXNativeTarget "MRTUITests" */;
			buildPhases = (
				1853C1B41CF5F2900090D610 /* Sources */,
				1853C1B51CF5F2900090D610 /* Frameworks */,
				1853C1B61CF5F2900090D610 /* Resources */,
			);
			buildRules = (
			);
			dependencies = (
				1853C1BA1CF5F2900090D610 /* PBXTargetDependency */,
			);
			name = MRTUITests;
			productName = MRTUITests;
			productReference = 1853C1B81CF5F2900090D610 /* MRTUITests.xctest */;
			productType = "com.apple.product-type.bundle.ui-testing";
		};
/* End PBXNativeTarget section */

/* Begin PBXProject section */
		1853C1911CF5F2900090D610 /* Project object */ = {
			isa = PBXProject;
			attributes = {
				LastSwiftUpdateCheck = 0710;
				LastUpgradeCheck = 0710;
				ORGANIZATIONNAME = Apple;
				TargetAttributes = {
					1853C1981CF5F2900090D610 = {
						CreatedOnToolsVersion = 7.1;
					};
					1853C1AC1CF5F2900090D610 = {
						CreatedOnToolsVersion = 7.1;
						TestTargetID = 1853C1981CF5F2900090D610;
					};
					1853C1B71CF5F2900090D610 = {
						CreatedOnToolsVersion = 7.1;
						TestTargetID = 1853C1981CF5F2900090D610;
					};
				};
			};
			buildConfigurationList = 1853C1941CF5F2900090D610 /* Build configuration list for PBXProject "MRT" */;
			compatibilityVersion = "Xcode 3.2";
			developmentRegion = English;
			hasScannedForEncodings = 0;
			knownRegions = (
				en,
				Base,
			);
			mainGroup = 1853C1901CF5F2900090D610;
			productRefGroup = 1853C19A1CF5F2900090D610 /* Products */;
			projectDirPath = "";
			projectRoot = "";
			targets = (
				1853C1981CF5F2900090D610 /* MRT */,
				1853C1AC1CF5F2900090D610 /* MRTTests */,
				1853C1B71CF5F2900090D610 /* MRTUITests */,
			);
		};
/* End PBXProject section */

/* Begin PBXResourcesBuildPhase section */
		1853C1971CF5F2900090D610 /* Resources */ = {
			isa = PBXResourcesBuildPhase;
			buildActionMask = 2147483647;
			files = (
				1853C1A71CF5F2900090D610 /* LaunchScreen.storyboard in Resources */,
				18A101EF1CF5F372003D92E3 /* Main.storyboard in Resources */,
				1853C1A41CF5F2900090D610 /* Assets.xcassets in Resources */,
				1853C1CB1CF5F29C0090D610 /* Podfile in Resources */,
				18A101F71CF5F3AA003D92E3 /* MRT.json in Resources */,
			);
			runOnlyForDeploymentPostprocessing = 0;
		};
		1853C1AB1CF5F2900090D610 /* Resources */ = {
			isa = PBXResourcesBuildPhase;
			buildActionMask = 2147483647;
			files = (
			);
			runOnlyForDeploymentPostprocessing = 0;
		};
		1853C1B61CF5F2900090D610 /* Resources */ = {
			isa = PBXResourcesBuildPhase;
			buildActionMask = 2147483647;
			files = (
			);
			runOnlyForDeploymentPostprocessing = 0;
		};
/* End PBXResourcesBuildPhase section */

/* Begin PBXShellScriptBuildPhase section */
		45C558F2147A23B1219726D8 /* 📦 Embed Pods Frameworks */ = {
			isa = PBXShellScriptBuildPhase;
			buildActionMask = 2147483647;
			files = (
			);
			inputPaths = (
			);
			name = "📦 Embed Pods Frameworks";
			outputPaths = (
			);
			runOnlyForDeploymentPostprocessing = 0;
			shellPath = /bin/sh;
			shellScript = "\"${SRCROOT}/Pods/Target Support Files/Pods-MRT/Pods-MRT-frameworks.sh\"\n";
			showEnvVarsInLog = 0;
		};
		4DC1F9C015CB39EC37A18703 /* 📦 Copy Pods Resources */ = {
			isa = PBXShellScriptBuildPhase;
			buildActionMask = 2147483647;
			files = (
			);
			inputPaths = (
			);
			name = "📦 Copy Pods Resources";
			outputPaths = (
			);
			runOnlyForDeploymentPostprocessing = 0;
			shellPath = /bin/sh;
			shellScript = "\"${SRCROOT}/Pods/Target Support Files/Pods-MRT/Pods-MRT-resources.sh\"\n";
			showEnvVarsInLog = 0;
		};
		688AC7809A5D5F1A9C12043C /* 📦 Check Pods Manifest.lock */ = {
			isa = PBXShellScriptBuildPhase;
			buildActionMask = 2147483647;
			files = (
			);
			inputPaths = (
			);
			name = "📦 Check Pods Manifest.lock";
			outputPaths = (
			);
			runOnlyForDeploymentPostprocessing = 0;
			shellPath = /bin/sh;
			shellScript = "diff \"${PODS_ROOT}/../Podfile.lock\" \"${PODS_ROOT}/Manifest.lock\" > /dev/null\nif [[ $? != 0 ]] ; then\n    cat << EOM\nerror: The sandbox is not in sync with the Podfile.lock. Run 'pod install' or update your CocoaPods installation.\nEOM\n    exit 1\nfi\n";
			showEnvVarsInLog = 0;
		};
/* End PBXShellScriptBuildPhase section */

/* Begin PBXSourcesBuildPhase section */
		1853C1951CF5F2900090D610 /* Sources */ = {
			isa = PBXSourcesBuildPhase;
			buildActionMask = 2147483647;
			files = (
				18922BC71CF5FDBF00959E23 /* Section.swift in Sources */,
				18A101F51CF5F3A7003D92E3 /* tablecellsetting.swift in Sources */,
				18A101F31CF5F3A2003D92E3 /* AppDelegate.swift in Sources */,
				18A101F11CF5F395003D92E3 /* UITableViewController.swift in Sources */,
				18922BC51CF5F73600959E23 /* LineData.swift in Sources */,
			);
			runOnlyForDeploymentPostprocessing = 0;
		};
		1853C1A91CF5F2900090D610 /* Sources */ = {
			isa = PBXSourcesBuildPhase;
			buildActionMask = 2147483647;
			files = (
				1853C1B21CF5F2900090D610 /* MRTTests.swift in Sources */,
			);
			runOnlyForDeploymentPostprocessing = 0;
		};
		1853C1B41CF5F2900090D610 /* Sources */ = {
			isa = PBXSourcesBuildPhase;
			buildActionMask = 2147483647;
			files = (
				1853C1BD1CF5F2900090D610 /* MRTUITests.swift in Sources */,
			);
			runOnlyForDeploymentPostprocessing = 0;
		};
/* End PBXSourcesBuildPhase section */

/* Begin PBXTargetDependency section */
		1853C1AF1CF5F2900090D610 /* PBXTargetDependency */ = {
			isa = PBXTargetDependency;
			target = 1853C1981CF5F2900090D610 /* MRT */;
			targetProxy = 1853C1AE1CF5F2900090D610 /* PBXContainerItemProxy */;
		};
		1853C1BA1CF5F2900090D610 /* PBXTargetDependency */ = {
			isa = PBXTargetDependency;
			target = 1853C1981CF5F2900090D610 /* MRT */;
			targetProxy = 1853C1B91CF5F2900090D610 /* PBXContainerItemProxy */;
		};
/* End PBXTargetDependency section */

/* Begin PBXVariantGroup section */
		1853C1A51CF5F2900090D610 /* LaunchScreen.storyboard */ = {
			isa = PBXVariantGroup;
			children = (
				1853C1A61CF5F2900090D610 /* Base */,
			);
			name = LaunchScreen.storyboard;
			sourceTree = "<group>";
		};
/* End PBXVariantGroup section */

/* Begin XCBuildConfiguration section */
		1853C1BF1CF5F2900090D610 /* Debug */ = {
			isa = XCBuildConfiguration;
			buildSettings = {
				ALWAYS_SEARCH_USER_PATHS = NO;
				CLANG_CXX_LANGUAGE_STANDARD = "gnu++0x";
				CLANG_CXX_LIBRARY = "libc++";
				CLANG_ENABLE_MODULES = YES;
				CLANG_ENABLE_OBJC_ARC = YES;
				CLANG_WARN_BOOL_CONVERSION = YES;
				CLANG_WARN_CONSTANT_CONVERSION = YES;
				CLANG_WARN_DIRECT_OBJC_ISA_USAGE = YES_ERROR;
				CLANG_WARN_EMPTY_BODY = YES;
				CLANG_WARN_ENUM_CONVERSION = YES;
				CLANG_WARN_INT_CONVERSION = YES;
				CLANG_WARN_OBJC_ROOT_CLASS = YES_ERROR;
				CLANG_WARN_UNREACHABLE_CODE = YES;
				CLANG_WARN__DUPLICATE_METHOD_MATCH = YES;
				"CODE_SIGN_IDENTITY[sdk=iphoneos*]" = "iPhone Developer";
				COPY_PHASE_STRIP = NO;
				DEBUG_INFORMATION_FORMAT = dwarf;
				ENABLE_STRICT_OBJC_MSGSEND = YES;
				ENABLE_TESTABILITY = YES;
				GCC_C_LANGUAGE_STANDARD = gnu99;
				GCC_DYNAMIC_NO_PIC = NO;
				GCC_NO_COMMON_BLOCKS = YES;
				GCC_OPTIMIZATION_LEVEL = 0;
				GCC_PREPROCESSOR_DEFINITIONS = (
					"DEBUG=1",
					"$(inherited)",
				);
				GCC_WARN_64_TO_32_BIT_CONVERSION = YES;
				GCC_WARN_ABOUT_RETURN_TYPE = YES_ERROR;
				GCC_WARN_UNDECLARED_SELECTOR = YES;
				GCC_WARN_UNINITIALIZED_AUTOS = YES_AGGRESSIVE;
				GCC_WARN_UNUSED_FUNCTION = YES;
				GCC_WARN_UNUSED_VARIABLE = YES;
				IPHONEOS_DEPLOYMENT_TARGET = 9.1;
				MTL_ENABLE_DEBUG_INFO = YES;
				ONLY_ACTIVE_ARCH = YES;
				SDKROOT = iphoneos;
				SWIFT_OPTIMIZATION_LEVEL = "-Onone";
				TARGETED_DEVICE_FAMILY = "1,2";
			};
			name = Debug;
		};
		1853C1C01CF5F2900090D610 /* Release */ = {
			isa = XCBuildConfiguration;
			buildSettings = {
				ALWAYS_SEARCH_USER_PATHS = NO;
				CLANG_CXX_LANGUAGE_STANDARD = "gnu++0x";
				CLANG_CXX_LIBRARY = "libc++";
				CLANG_ENABLE_MODULES = YES;
				CLANG_ENABLE_OBJC_ARC = YES;
				CLANG_WARN_BOOL_CONVERSION = YES;
				CLANG_WARN_CONSTANT_CONVERSION = YES;
				CLANG_WARN_DIRECT_OBJC_ISA_USAGE = YES_ERROR;
				CLANG_WARN_EMPTY_BODY = YES;
				CLANG_WARN_ENUM_CONVERSION = YES;
				CLANG_WARN_INT_CONVERSION = YES;
				CLANG_WARN_OBJC_ROOT_CLASS = YES_ERROR;
				CLANG_WARN_UNREACHABLE_CODE = YES;
				CLANG_WARN__DUPLICATE_METHOD_MATCH = YES;
				"CODE_SIGN_IDENTITY[sdk=iphoneos*]" = "iPhone Developer";
				COPY_PHASE_STRIP = NO;
				DEBUG_INFORMATION_FORMAT = "dwarf-with-dsym";
				ENABLE_NS_ASSERTIONS = NO;
				ENABLE_STRICT_OBJC_MSGSEND = YES;
				GCC_C_LANGUAGE_STANDARD = gnu99;
				GCC_NO_COMMON_BLOCKS = YES;
				GCC_WARN_64_TO_32_BIT_CONVERSION = YES;
				GCC_WARN_ABOUT_RETURN_TYPE = YES_ERROR;
				GCC_WARN_UNDECLARED_SELECTOR = YES;
				GCC_WARN_UNINITIALIZED_AUTOS = YES_AGGRESSIVE;
				GCC_WARN_UNUSED_FUNCTION = YES;
				GCC_WARN_UNUSED_VARIABLE = YES;
				IPHONEOS_DEPLOYMENT_TARGET = 9.1;
				MTL_ENABLE_DEBUG_INFO = NO;
				SDKROOT = iphoneos;
				TARGETED_DEVICE_FAMILY = "1,2";
				VALIDATE_PRODUCT = YES;
			};
			name = Release;
		};
		1853C1C21CF5F2900090D610 /* Debug */ = {
			isa = XCBuildConfiguration;
			baseConfigurationReference = ED02BC65F4B43C92395411C2 /* Pods-MRT.debug.xcconfig */;
			buildSettings = {
				ASSETCATALOG_COMPILER_APPICON_NAME = AppIcon;
				FRAMEWORK_SEARCH_PATHS = (
					"$(inherited)",
					"$(PROJECT_DIR)/build/Debug-iphoneos/SwiftyJSON",
				);
				INFOPLIST_FILE = MRT/Info.plist;
				LD_RUNPATH_SEARCH_PATHS = "$(inherited) @executable_path/Frameworks";
				PRODUCT_BUNDLE_IDENTIFIER = ApostoLala.MRT;
				PRODUCT_NAME = "$(TARGET_NAME)";
			};
			name = Debug;
		};
		1853C1C31CF5F2900090D610 /* Release */ = {
			isa = XCBuildConfiguration;
			baseConfigurationReference = 86935E1ECE8485963E3CCF7C /* Pods-MRT.release.xcconfig */;
			buildSettings = {
				ASSETCATALOG_COMPILER_APPICON_NAME = AppIcon;
				FRAMEWORK_SEARCH_PATHS = (
					"$(inherited)",
					"$(PROJECT_DIR)/build/Debug-iphoneos/SwiftyJSON",
				);
				INFOPLIST_FILE = MRT/Info.plist;
				LD_RUNPATH_SEARCH_PATHS = "$(inherited) @executable_path/Frameworks";
				PRODUCT_BUNDLE_IDENTIFIER = ApostoLala.MRT;
				PRODUCT_NAME = "$(TARGET_NAME)";
			};
			name = Release;
		};
		1853C1C51CF5F2900090D610 /* Debug */ = {
			isa = XCBuildConfiguration;
			buildSettings = {
				BUNDLE_LOADER = "$(TEST_HOST)";
				INFOPLIST_FILE = MRTTests/Info.plist;
				LD_RUNPATH_SEARCH_PATHS = "$(inherited) @executable_path/Frameworks @loader_path/Frameworks";
				PRODUCT_BUNDLE_IDENTIFIER = ApostoLala.MRTTests;
				PRODUCT_NAME = "$(TARGET_NAME)";
				TEST_HOST = "$(BUILT_PRODUCTS_DIR)/MRT.app/MRT";
			};
			name = Debug;
		};
		1853C1C61CF5F2900090D610 /* Release */ = {
			isa = XCBuildConfiguration;
			buildSettings = {
				BUNDLE_LOADER = "$(TEST_HOST)";
				INFOPLIST_FILE = MRTTests/Info.plist;
				LD_RUNPATH_SEARCH_PATHS = "$(inherited) @executable_path/Frameworks @loader_path/Frameworks";
				PRODUCT_BUNDLE_IDENTIFIER = ApostoLala.MRTTests;
				PRODUCT_NAME = "$(TARGET_NAME)";
				TEST_HOST = "$(BUILT_PRODUCTS_DIR)/MRT.app/MRT";
			};
			name = Release;
		};
		1853C1C81CF5F2900090D610 /* Debug */ = {
			isa = XCBuildConfiguration;
			buildSettings = {
				INFOPLIST_FILE = MRTUITests/Info.plist;
				LD_RUNPATH_SEARCH_PATHS = "$(inherited) @executable_path/Frameworks @loader_path/Frameworks";
				PRODUCT_BUNDLE_IDENTIFIER = ApostoLala.MRTUITests;
				PRODUCT_NAME = "$(TARGET_NAME)";
				TEST_TARGET_NAME = MRT;
				USES_XCTRUNNER = YES;
			};
			name = Debug;
		};
		1853C1C91CF5F2900090D610 /* Release */ = {
			isa = XCBuildConfiguration;
			buildSettings = {
				INFOPLIST_FILE = MRTUITests/Info.plist;
				LD_RUNPATH_SEARCH_PATHS = "$(inherited) @executable_path/Frameworks @loader_path/Frameworks";
				PRODUCT_BUNDLE_IDENTIFIER = ApostoLala.MRTUITests;
				PRODUCT_NAME = "$(TARGET_NAME)";
				TEST_TARGET_NAME = MRT;
				USES_XCTRUNNER = YES;
			};
			name = Release;
		};
/* End XCBuildConfiguration section */

/* Begin XCConfigurationList section */
		1853C1941CF5F2900090D610 /* Build configuration list for PBXProject "MRT" */ = {
			isa = XCConfigurationList;
			buildConfigurations = (
				1853C1BF1CF5F2900090D610 /* Debug */,
				1853C1C01CF5F2900090D610 /* Release */,
			);
			defaultConfigurationIsVisible = 0;
			defaultConfigurationName = Release;
		};
		1853C1C11CF5F2900090D610 /* Build configuration list for PBXNativeTarget "MRT" */ = {
			isa = XCConfigurationList;
			buildConfigurations = (
				1853C1C21CF5F2900090D610 /* Debug */,
				1853C1C31CF5F2900090D610 /* Release */,
			);
			defaultConfigurationIsVisible = 0;
			defaultConfigurationName = Release;
		};
		1853C1C41CF5F2900090D610 /* Build configuration list for PBXNativeTarget "MRTTests" */ = {
			isa = XCConfigurationList;
			buildConfigurations = (
				1853C1C51CF5F2900090D610 /* Debug */,
				1853C1C61CF5F2900090D610 /* Release */,
			);
			defaultConfigurationIsVisible = 0;
			defaultConfigurationName = Release;
		};
		1853C1C71CF5F2900090D610 /* Build configuration list for PBXNativeTarget "MRTUITests" */ = {
			isa = XCConfigurationList;
			buildConfigurations = (
				1853C1C81CF5F2900090D610 /* Debug */,
				1853C1C91CF5F2900090D610 /* Release */,
			);
			defaultConfigurationIsVisible = 0;
			defaultConfigurationName = Release;
		};
/* End XCConfigurationList section */
	};
	rootObject = 1853C1911CF5F2900090D610 /* Project object */;
}
