// !$*UTF8*$!
{
	archiveVersion = 1;
	classes = {
	};
	objectVersion = 46;
	objects = {

/* Begin PBXBuildFile section */
		1853C19D1CF5F2900090D610 /* AppDelegate.swift in Sources */ = {isa = PBXBuildFile; fileRef = 1853C19C1CF5F2900090D610 /* AppDelegate.swift */; };
		1853C19F1CF5F2900090D610 /* ViewController.swift in Sources */ = {isa = PBXBuildFile; fileRef = 1853C19E1CF5F2900090D610 /* ViewController.swift */; };
		1853C1A21CF5F2900090D610 /* Main.storyboard in Resources */ = {isa = PBXBuildFile; fileRef = 1853C1A01CF5F2900090D610 /* Main.storyboard */; };
		1853C1A41CF5F2900090D610 /* Assets.xcassets in Resources */ = {isa = PBXBuildFile; fileRef = 1853C1A31CF5F2900090D610 /* Assets.xcassets */; };
		1853C1A71CF5F2900090D610 /* LaunchScreen.storyboard in Resources */ = {isa = PBXBuildFile; fileRef = 1853C1A51CF5F2900090D610 /* LaunchScreen.storyboard */; };
		1853C1B21CF5F2900090D610 /* MRTTests.swift in Sources */ = {isa = PBXBuildFile; fileRef = 1853C1B11CF5F2900090D610 /* MRTTests.swift */; };
		1853C1BD1CF5F2900090D610 /* MRTUITests.swift in Sources */ = {isa = PBXBuildFile; fileRef = 1853C1BC1CF5F2900090D610 /* MRTUITests.swift */; };
/* End PBXBuildFile section */

/* Begin PBXContainerItemProxy section */
		1853C1AE1CF5F2900090D610 /* PBXContainerItemProxy */ = {
			isa = PBXContainerItemProxy;
			containerPortal = 1853C1911CF5F2900090D610 /* Project object */;
			proxyType = 1;
			remoteGlobalIDString = 1853C1981CF5F2900090D610;
			remoteInfo = MRT;
		};
		1853C1B91CF5F2900090D610 /* PBXContainerItemProxy */ = {
			isa = PBXContainerItemProxy;
			containerPortal = 1853C1911CF5F2900090D610 /* Project object */;
			proxyType = 1;
			remoteGlobalIDString = 1853C1981CF5F2900090D610;
			remoteInfo = MRT;
		};
/* End PBXContainerItemProxy section */

/* Begin PBXFileReference section */
		1853C1991CF5F2900090D610 /* MRT.app */ = {isa = PBXFileReference; explicitFileType = wrapper.application; includeInIndex = 0; path = MRT.app; sourceTree = BUILT_PRODUCTS_DIR; };
		1853C19C1CF5F2900090D610 /* AppDelegate.swift */ = {isa = PBXFileReference; lastKnownFileType = sourcecode.swift; path = AppDelegate.swift; sourceTree = "<group>"; };
		1853C19E1CF5F2900090D610 /* ViewController.swift */ = {isa = PBXFileReference; lastKnownFileType = sourcecode.swift; path = ViewController.swift; sourceTree = "<group>"; };
		1853C1A11CF5F2900090D610 /* Base */ = {isa = PBXFileReference; lastKnownFileType = file.storyboard; name = Base; path = Base.lproj/Main.storyboard; sourceTree = "<group>"; };
		1853C1A31CF5F2900090D610 /* Assets.xcassets */ = {isa = PBXFileReference; lastKnownFileType = folder.assetcatalog; path = Assets.xcassets; sourceTree = "<group>"; };
		1853C1A61CF5F2900090D610 /* Base */ = {isa = PBXFileReference; lastKnownFileType = file.storyboard; name = Base; path = Base.lproj/LaunchScreen.storyboard; sourceTree = "<group>"; };
		1853C1A81CF5F2900090D610 /* Info.plist */ = {isa = PBXFileReference; lastKnownFileType = text.plist.xml; path = Info.plist; sourceTree = "<group>"; };
		1853C1AD1CF5F2900090D610 /* MRTTests.xctest */ = {isa = PBXFileReference; explicitFileType = wrapper.cfbundle; includeInIndex = 0; path = MRTTests.xctest; sourceTree = BUILT_PRODUCTS_DIR; };
		1853C1B11CF5F2900090D610 /* MRTTests.swift */ = {isa = PBXFileReference; lastKnownFileType = sourcecode.swift; path = MRTTests.swift; sourceTree = "<group>"; };
		1853C1B31CF5F2900090D610 /* Info.plist */ = {isa = PBXFileReference; lastKnownFileType = text.plist.xml; path = Info.plist; sourceTree = "<group>"; };
		1853C1B81CF5F2900090D610 /* MRTUITests.xctest */ = {isa = PBXFileReference; explicitFileType = wrapper.cfbundle; includeInIndex = 0; path = MRTUITests.xctest; sourceTree = BUILT_PRODUCTS_DIR; };
		1853C1BC1CF5F2900090D610 /* MRTUITests.swift */ = {isa = PBXFileReference; lastKnownFileType = sourcecode.swift; path = MRTUITests.swift; sourceTree = "<group>"; };
		1853C1BE1CF5F2900090D610 /* Info.plist */ = {isa = PBXFileReference; lastKnownFileType = text.plist.xml; path = Info.plist; sourceTree = "<group>"; };
/* End PBXFileReference section */

/* Begin PBXFrameworksBuildPhase section */
		1853C1961CF5F2900090D610 /* Frameworks */ = {
			isa = PBXFrameworksBuildPhase;
			buildActionMask = 2147483647;
			files = (
			);
			runOnlyForDeploymentPostprocessing = 0;
		};
		1853C1AA1CF5F2900090D610 /* Frameworks */ = {
			isa = PBXFrameworksBuildPhase;
			buildActionMask = 2147483647;
			files = (
			);
			runOnlyForDeploymentPostprocessing = 0;
		};
		1853C1B51CF5F2900090D610 /* Frameworks */ = {
			isa = PBXFrameworksBuildPhase;
			buildActionMask = 2147483647;
			files = (
			);
			runOnlyForDeploymentPostprocessing = 0;
		};
/* End PBXFrameworksBuildPhase section */

/* Begin PBXGroup section */
		1853C1901CF5F2900090D610 = {
			isa = PBXGroup;
			children = (
				1853C19B1CF5F2900090D610 /* MRT */,
				1853C1B01CF5F2900090D610 /* MRTTests */,
				1853C1BB1CF5F2900090D610 /* MRTUITests */,
				1853C19A1CF5F2900090D610 /* Products */,
			);
			sourceTree = "<group>";
		};
		1853C19A1CF5F2900090D610 /* Products */ = {
			isa = PBXGroup;
			children = (
				1853C1991CF5F2900090D610 /* MRT.app */,
				1853C1AD1CF5F2900090D610 /* MRTTests.xctest */,
				1853C1B81CF5F2900090D610 /* MRTUITests.xctest */,
			);
			name = Products;
			sourceTree = "<group>";
		};
		1853C19B1CF5F2900090D610 /* MRT */ = {
			isa = PBXGroup;
			children = (
				1853C19C1CF5F2900090D610 /* AppDelegate.swift */,
				1853C19E1CF5F2900090D610 /* ViewController.swift */,
				1853C1A01CF5F2900090D610 /* Main.storyboard */,
				1853C1A31CF5F2900090D610 /* Assets.xcassets */,
				1853C1A51CF5F2900090D610 /* LaunchScreen.storyboard */,
				1853C1A81CF5F2900090D610 /* Info.plist */,
			);
			path = MRT;
			sourceTree = "<group>";
		};
		1853C1B01CF5F2900090D610 /* MRTTests */ = {
			isa = PBXGroup;
			children = (
				1853C1B11CF5F2900090D610 /* MRTTests.swift */,
				1853C1B31CF5F2900090D610 /* Info.plist */,
			);
			path = MRTTests;
			sourceTree = "<group>";
		};
		1853C1BB1CF5F2900090D610 /* MRTUITests */ = {
			isa = PBXGroup;
			children = (
				1853C1BC1CF5F2900090D610 /* MRTUITests.swift */,
				1853C1BE1CF5F2900090D610 /* Info.plist */,
			);
			path = MRTUITests;
			sourceTree = "<group>";
		};
/* End PBXGroup section */

/* Begin PBXNativeTarget section */
		1853C1981CF5F2900090D610 /* MRT */ = {
			isa = PBXNativeTarget;
			buildConfigurationList = 1853C1C11CF5F2900090D610 /* Build configuration list for PBXNativeTarget "MRT" */;
			buildPhases = (
				1853C1951CF5F2900090D610 /* Sources */,
				1853C1961CF5F2900090D610 /* Frameworks */,
				1853C1971CF5F2900090D610 /* Resources */,
			);
			buildRules = (
			);
			dependencies = (
			);
			name = MRT;
			productName = MRT;
			productReference = 1853C1991CF5F2900090D610 /* MRT.app */;
			productType = "com.apple.product-type.application";
		};
		1853C1AC1CF5F2900090D610 /* MRTTests */ = {
			isa = PBXNativeTarget;
			buildConfigurationList = 1853C1C41CF5F2900090D610 /* Build configuration list for PBXNativeTarget "MRTTests" */;
			buildPhases = (
				1853C1A91CF5F2900090D610 /* Sources */,
				1853C1AA1CF5F2900090D610 /* Frameworks */,
				1853C1AB1CF5F2900090D610 /* Resources */,
			);
			buildRules = (
			);
			dependencies = (
				1853C1AF1CF5F2900090D610 /* PBXTargetDependency */,
			);
			name = MRTTests;
			productName = MRTTests;
			productReference = 1853C1AD1CF5F2900090D610 /* MRTTests.xctest */;
			productType = "com.apple.product-type.bundle.unit-test";
		};
		1853C1B71CF5F2900090D610 /* MRTUITests */ = {
			isa = PBXNativeTarget;
			buildConfigurationList = 1853C1C71CF5F2900090D610 /* Build configuration list for PBXNativeTarget "MRTUITests" */;
			buildPhases = (
				1853C1B41CF5F2900090D610 /* Sources */,
				1853C1B51CF5F2900090D610 /* Frameworks */,
				1853C1B61CF5F2900090D610 /* Resources */,
			);
			buildRules = (
			);
			dependencies = (
				1853C1BA1CF5F2900090D610 /* PBXTargetDependency */,
			);
			name = MRTUITests;
			productName = MRTUITests;
			productReference = 1853C1B81CF5F2900090D610 /* MRTUITests.xctest */;
			productType = "com.apple.product-type.bundle.ui-testing";
		};
/* End PBXNativeTarget section */

/* Begin PBXProject section */
		1853C1911CF5F2900090D610 /* Project object */ = {
			isa = PBXProject;
			attributes = {
				LastSwiftUpdateCheck = 0710;
				LastUpgradeCheck = 0710;
				ORGANIZATIONNAME = Apple;
				TargetAttributes = {
					1853C1981CF5F2900090D610 = {
						CreatedOnToolsVersion = 7.1;
					};
					1853C1AC1CF5F2900090D610 = {
						CreatedOnToolsVersion = 7.1;
						TestTargetID = 1853C1981CF5F2900090D610;
					};
					1853C1B71CF5F2900090D610 = {
						CreatedOnToolsVersion = 7.1;
						TestTargetID = 1853C1981CF5F2900090D610;
					};
				};
			};
			buildConfigurationList = 1853C1941CF5F2900090D610 /* Build configuration list for PBXProject "MRT" */;
			compatibilityVersion = "Xcode 3.2";
			developmentRegion = English;
			hasScannedForEncodings = 0;
			knownRegions = (
				en,
				Base,
			);
			mainGroup = 1853C1901CF5F2900090D610;
			productRefGroup = 1853C19A1CF5F2900090D610 /* Products */;
			projectDirPath = "";
			projectRoot = "";
			targets = (
				1853C1981CF5F2900090D610 /* MRT */,
				1853C1AC1CF5F2900090D610 /* MRTTests */,
				1853C1B71CF5F2900090D610 /* MRTUITests */,
			);
		};
/* End PBXProject section */

/* Begin PBXResourcesBuildPhase section */
		1853C1971CF5F2900090D610 /* Resources */ = {
			isa = PBXResourcesBuildPhase;
			buildActionMask = 2147483647;
			files = (
				1853C1A71CF5F2900090D610 /* LaunchScreen.storyboard in Resources */,
				1853C1A41CF5F2900090D610 /* Assets.xcassets in Resources */,
				1853C1A21CF5F2900090D610 /* Main.storyboard in Resources */,
			);
			runOnlyForDeploymentPostprocessing = 0;
		};
		1853C1AB1CF5F2900090D610 /* Resources */ = {
			isa = PBXResourcesBuildPhase;
			buildActionMask = 2147483647;
			files = (
			);
			runOnlyForDeploymentPostprocessing = 0;
		};
		1853C1B61CF5F2900090D610 /* Resources */ = {
			isa = PBXResourcesBuildPhase;
			buildActionMask = 2147483647;
			files = (
			);
			runOnlyForDeploymentPostprocessing = 0;
		};
/* End PBXResourcesBuildPhase section */

/* Begin PBXSourcesBuildPhase section */
		1853C1951CF5F2900090D610 /* Sources */ = {
			isa = PBXSourcesBuildPhase;
			buildActionMask = 2147483647;
			files = (
				1853C19F1CF5F2900090D610 /* ViewController.swift in Sources */,
				1853C19D1CF5F2900090D610 /* AppDelegate.swift in Sources */,
			);
			runOnlyForDeploymentPostprocessing = 0;
		};
		1853C1A91CF5F2900090D610 /* Sources */ = {
			isa = PBXSourcesBuildPhase;
			buildActionMask = 2147483647;
			files = (
				1853C1B21CF5F2900090D610 /* MRTTests.swift in Sources */,
			);
			runOnlyForDeploymentPostprocessing = 0;
		};
		1853C1B41CF5F2900090D610 /* Sources */ = {
			isa = PBXSourcesBuildPhase;
			buildActionMask = 2147483647;
			files = (
				1853C1BD1CF5F2900090D610 /* MRTUITests.swift in Sources */,
			);
			runOnlyForDeploymentPostprocessing = 0;
		};
/* End PBXSourcesBuildPhase section */

/* Begin PBXTargetDependency section */
		1853C1AF1CF5F2900090D610 /* PBXTargetDependency */ = {
			isa = PBXTargetDependency;
			target = 1853C1981CF5F2900090D610 /* MRT */;
			targetProxy = 1853C1AE1CF5F2900090D610 /* PBXContainerItemProxy */;
		};
		1853C1BA1CF5F2900090D610 /* PBXTargetDependency */ = {
			isa = PBXTargetDependency;
			target = 1853C1981CF5F2900090D610 /* MRT */;
			targetProxy = 1853C1B91CF5F2900090D610 /* PBXContainerItemProxy */;
		};
/* End PBXTargetDependency section */

/* Begin PBXVariantGroup section */
		1853C1A01CF5F2900090D610 /* Main.storyboard */ = {
			isa = PBXVariantGroup;
			children = (
				1853C1A11CF5F2900090D610 /* Base */,
			);
			name = Main.storyboard;
			sourceTree = "<group>";
		};
		1853C1A51CF5F2900090D610 /* LaunchScreen.storyboard */ = {
			isa = PBXVariantGroup;
			children = (
				1853C1A61CF5F2900090D610 /* Base */,
			);
			name = LaunchScreen.storyboard;
			sourceTree = "<group>";
		};
/* End PBXVariantGroup section */

/* Begin XCBuildConfiguration section */
		1853C1BF1CF5F2900090D610 /* Debug */ = {
			isa = XCBuildConfiguration;
			buildSettings = {
				ALWAYS_SEARCH_USER_PATHS = NO;
				CLANG_CXX_LANGUAGE_STANDARD = "gnu++0x";
				CLANG_CXX_LIBRARY = "libc++";
				CLANG_ENABLE_MODULES = YES;
				CLANG_ENABLE_OBJC_ARC = YES;
				CLANG_WARN_BOOL_CONVERSION = YES;
				CLANG_WARN_CONSTANT_CONVERSION = YES;
				CLANG_WARN_DIRECT_OBJC_ISA_USAGE = YES_ERROR;
				CLANG_WARN_EMPTY_BODY = YES;
				CLANG_WARN_ENUM_CONVERSION = YES;
				CLANG_WARN_INT_CONVERSION = YES;
				CLANG_WARN_OBJC_ROOT_CLASS = YES_ERROR;
				CLANG_WARN_UNREACHABLE_CODE = YES;
				CLANG_WARN__DUPLICATE_METHOD_MATCH = YES;
				"CODE_SIGN_IDENTITY[sdk=iphoneos*]" = "iPhone Developer";
				COPY_PHASE_STRIP = NO;
				DEBUG_INFORMATION_FORMAT = dwarf;
				ENABLE_STRICT_OBJC_MSGSEND = YES;
				ENABLE_TESTABILITY = YES;
				GCC_C_LANGUAGE_STANDARD = gnu99;
				GCC_DYNAMIC_NO_PIC = NO;
				GCC_NO_COMMON_BLOCKS = YES;
				GCC_OPTIMIZATION_LEVEL = 0;
				GCC_PREPROCESSOR_DEFINITIONS = (
					"DEBUG=1",
					"$(inherited)",
				);
				GCC_WARN_64_TO_32_BIT_CONVERSION = YES;
				GCC_WARN_ABOUT_RETURN_TYPE = YES_ERROR;
				GCC_WARN_UNDECLARED_SELECTOR = YES;
				GCC_WARN_UNINITIALIZED_AUTOS = YES_AGGRESSIVE;
				GCC_WARN_UNUSED_FUNCTION = YES;
				GCC_WARN_UNUSED_VARIABLE = YES;
				IPHONEOS_DEPLOYMENT_TARGET = 9.1;
				MTL_ENABLE_DEBUG_INFO = YES;
				ONLY_ACTIVE_ARCH = YES;
				SDKROOT = iphoneos;
				SWIFT_OPTIMIZATION_LEVEL = "-Onone";
				TARGETED_DEVICE_FAMILY = "1,2";
			};
			name = Debug;
		};
		1853C1C01CF5F2900090D610 /* Release */ = {
			isa = XCBuildConfiguration;
			buildSettings = {
				ALWAYS_SEARCH_USER_PATHS = NO;
				CLANG_CXX_LANGUAGE_STANDARD = "gnu++0x";
				CLANG_CXX_LIBRARY = "libc++";
				CLANG_ENABLE_MODULES = YES;
				CLANG_ENABLE_OBJC_ARC = YES;
				CLANG_WARN_BOOL_CONVERSION = YES;
				CLANG_WARN_CONSTANT_CONVERSION = YES;
				CLANG_WARN_DIRECT_OBJC_ISA_USAGE = YES_ERROR;
				CLANG_WARN_EMPTY_BODY = YES;
				CLANG_WARN_ENUM_CONVERSION = YES;
				CLANG_WARN_INT_CONVERSION = YES;
				CLANG_WARN_OBJC_ROOT_CLASS = YES_ERROR;
				CLANG_WARN_UNREACHABLE_CODE = YES;
				CLANG_WARN__DUPLICATE_METHOD_MATCH = YES;
				"CODE_SIGN_IDENTITY[sdk=iphoneos*]" = "iPhone Developer";
				COPY_PHASE_STRIP = NO;
				DEBUG_INFORMATION_FORMAT = "dwarf-with-dsym";
				ENABLE_NS_ASSERTIONS = NO;
				ENABLE_STRICT_OBJC_MSGSEND = YES;
				GCC_C_LANGUAGE_STANDARD = gnu99;
				GCC_NO_COMMON_BLOCKS = YES;
				GCC_WARN_64_TO_32_BIT_CONVERSION = YES;
				GCC_WARN_ABOUT_RETURN_TYPE = YES_ERROR;
				GCC_WARN_UNDECLARED_SELECTOR = YES;
				GCC_WARN_UNINITIALIZED_AUTOS = YES_AGGRESSIVE;
				GCC_WARN_UNUSED_FUNCTION = YES;
				GCC_WARN_UNUSED_VARIABLE = YES;
				IPHONEOS_DEPLOYMENT_TARGET = 9.1;
				MTL_ENABLE_DEBUG_INFO = NO;
				SDKROOT = iphoneos;
				TARGETED_DEVICE_FAMILY = "1,2";
				VALIDATE_PRODUCT = YES;
			};
			name = Release;
		};
		1853C1C21CF5F2900090D610 /* Debug */ = {
			isa = XCBuildConfiguration;
			buildSettings = {
				ASSETCATALOG_COMPILER_APPICON_NAME = AppIcon;
				INFOPLIST_FILE = MRT/Info.plist;
				LD_RUNPATH_SEARCH_PATHS = "$(inherited) @executable_path/Frameworks";
				PRODUCT_BUNDLE_IDENTIFIER = ApostoLala.MRT;
				PRODUCT_NAME = "$(TARGET_NAME)";
			};
			name = Debug;
		};
		1853C1C31CF5F2900090D610 /* Release */ = {
			isa = XCBuildConfiguration;
			buildSettings = {
				ASSETCATALOG_COMPILER_APPICON_NAME = AppIcon;
				INFOPLIST_FILE = MRT/Info.plist;
				LD_RUNPATH_SEARCH_PATHS = "$(inherited) @executable_path/Frameworks";
				PRODUCT_BUNDLE_IDENTIFIER = ApostoLala.MRT;
				PRODUCT_NAME = "$(TARGET_NAME)";
			};
			name = Release;
		};
		1853C1C51CF5F2900090D610 /* Debug */ = {
			isa = XCBuildConfiguration;
			buildSettings = {
				BUNDLE_LOADER = "$(TEST_HOST)";
				INFOPLIST_FILE = MRTTests/Info.plist;
				LD_RUNPATH_SEARCH_PATHS = "$(inherited) @executable_path/Frameworks @loader_path/Frameworks";
				PRODUCT_BUNDLE_IDENTIFIER = ApostoLala.MRTTests;
				PRODUCT_NAME = "$(TARGET_NAME)";
				TEST_HOST = "$(BUILT_PRODUCTS_DIR)/MRT.app/MRT";
			};
			name = Debug;
		};
		1853C1C61CF5F2900090D610 /* Release */ = {
			isa = XCBuildConfiguration;
			buildSettings = {
				BUNDLE_LOADER = "$(TEST_HOST)";
				INFOPLIST_FILE = MRTTests/Info.plist;
				LD_RUNPATH_SEARCH_PATHS = "$(inherited) @executable_path/Frameworks @loader_path/Frameworks";
				PRODUCT_BUNDLE_IDENTIFIER = ApostoLala.MRTTests;
				PRODUCT_NAME = "$(TARGET_NAME)";
				TEST_HOST = "$(BUILT_PRODUCTS_DIR)/MRT.app/MRT";
			};
			name = Release;
		};
		1853C1C81CF5F2900090D610 /* Debug */ = {
			isa = XCBuildConfiguration;
			buildSettings = {
				INFOPLIST_FILE = MRTUITests/Info.plist;
				LD_RUNPATH_SEARCH_PATHS = "$(inherited) @executable_path/Frameworks @loader_path/Frameworks";
				PRODUCT_BUNDLE_IDENTIFIER = ApostoLala.MRTUITests;
				PRODUCT_NAME = "$(TARGET_NAME)";
				TEST_TARGET_NAME = MRT;
				USES_XCTRUNNER = YES;
			};
			name = Debug;
		};
		1853C1C91CF5F2900090D610 /* Release */ = {
			isa = XCBuildConfiguration;
			buildSettings = {
				INFOPLIST_FILE = MRTUITests/Info.plist;
				LD_RUNPATH_SEARCH_PATHS = "$(inherited) @executable_path/Frameworks @loader_path/Frameworks";
				PRODUCT_BUNDLE_IDENTIFIER = ApostoLala.MRTUITests;
				PRODUCT_NAME = "$(TARGET_NAME)";
				TEST_TARGET_NAME = MRT;
				USES_XCTRUNNER = YES;
			};
			name = Release;
		};
/* End XCBuildConfiguration section */

/* Begin XCConfigurationList section */
		1853C1941CF5F2900090D610 /* Build configuration list for PBXProject "MRT" */ = {
			isa = XCConfigurationList;
			buildConfigurations = (
				1853C1BF1CF5F2900090D610 /* Debug */,
				1853C1C01CF5F2900090D610 /* Release */,
			);
			defaultConfigurationIsVisible = 0;
			defaultConfigurationName = Release;
		};
		1853C1C11CF5F2900090D610 /* Build configuration list for PBXNativeTarget "MRT" */ = {
			isa = XCConfigurationList;
			buildConfigurations = (
				1853C1C21CF5F2900090D610 /* Debug */,
				1853C1C31CF5F2900090D610 /* Release */,
			);
			defaultConfigurationIsVisible = 0;
		};
		1853C1C41CF5F2900090D610 /* Build configuration list for PBXNativeTarget "MRTTests" */ = {
			isa = XCConfigurationList;
			buildConfigurations = (
				1853C1C51CF5F2900090D610 /* Debug */,
				1853C1C61CF5F2900090D610 /* Release */,
			);
			defaultConfigurationIsVisible = 0;
		};
		1853C1C71CF5F2900090D610 /* Build configuration list for PBXNativeTarget "MRTUITests" */ = {
			isa = XCConfigurationList;
			buildConfigurations = (
				1853C1C81CF5F2900090D610 /* Debug */,
				1853C1C91CF5F2900090D610 /* Release */,
			);
			defaultConfigurationIsVisible = 0;
		};
/* End XCConfigurationList section */
	};
	rootObject = 1853C1911CF5F2900090D610 /* Project object */;
}
